// !$*UTF8*$!
{
	archiveVersion = 1;
	classes = {
	};
	objectVersion = 45;
	objects = {

/* Begin PBXAggregateTarget section */
		95E77FD9119812C100A1F2B9 /* iBetelgeuseTests with coverage report */ = {
			isa = PBXAggregateTarget;
			buildConfigurationList = 95E77FDC119812D300A1F2B9 /* Build configuration list for PBXAggregateTarget "iBetelgeuseTests with coverage report" */;
			buildPhases = (
				95E77FD8119812C100A1F2B9 /* ShellScript */,
			);
			dependencies = (
				95E77FE4119812FA00A1F2B9 /* PBXTargetDependency */,
			);
			name = "iBetelgeuseTests with coverage report";
			productName = "iBetelgeuseTests with coverage report";
		};
/* End PBXAggregateTarget section */

/* Begin PBXBuildFile section */
		1D3623260D0F684500981E51 /* ARAppDelegate.m in Sources */ = {isa = PBXBuildFile; fileRef = 1D3623250D0F684500981E51 /* ARAppDelegate.m */; };
		1D60589B0D05DD56006BFB54 /* main.m in Sources */ = {isa = PBXBuildFile; fileRef = 29B97316FDCFA39411CA2CEA /* main.m */; };
		1D60589F0D05DD5A006BFB54 /* Foundation.framework in Frameworks */ = {isa = PBXBuildFile; fileRef = 1D30AB110D05D00D00671497 /* Foundation.framework */; };
		1DF5F4E00D08C38300B7A737 /* UIKit.framework in Frameworks */ = {isa = PBXBuildFile; fileRef = 1DF5F4DF0D08C38300B7A737 /* UIKit.framework */; };
		288765FD0DF74451002DB57D /* CoreGraphics.framework in Frameworks */ = {isa = PBXBuildFile; fileRef = 288765FC0DF74451002DB57D /* CoreGraphics.framework */; };
		95919E2211A40C38006FCDFC /* TCNetworkActivityIndicator.m in Sources */ = {isa = PBXBuildFile; fileRef = 95919E2111A40C38006FCDFC /* TCNetworkActivityIndicator.m */; };
		95919E3A11A40E6F006FCDFC /* ARAsset.m in Sources */ = {isa = PBXBuildFile; fileRef = C33465C211A16EDD00228C9A /* ARAsset.m */; };
		95919E4511A40E70006FCDFC /* ARAction.m in Sources */ = {isa = PBXBuildFile; fileRef = C33465FD11A1795200228C9A /* ARAction.m */; };
		95B9BEA911A1288900EDD870 /* TCXMLParserDelegate.m in Sources */ = {isa = PBXBuildFile; fileRef = 95B9BEA711A1288900EDD870 /* TCXMLParserDelegate.m */; };
		95B9BEAD11A1291600EDD870 /* ARDimension.m in Sources */ = {isa = PBXBuildFile; fileRef = 95B9BEAC11A1291600EDD870 /* ARDimension.m */; };
		95B9BED011A12B0700EDD870 /* ARDimensionTest.m in Sources */ = {isa = PBXBuildFile; fileRef = 95B9BECD11A12AF600EDD870 /* ARDimensionTest.m */; };
		95B9BF1111A139A200EDD870 /* CoreLocation.framework in Frameworks */ = {isa = PBXBuildFile; fileRef = 95B9BF1011A139A200EDD870 /* CoreLocation.framework */; };
		95B9BF3911A13A5200EDD870 /* ARDimension.m in Sources */ = {isa = PBXBuildFile; fileRef = 95B9BEAC11A1291600EDD870 /* ARDimension.m */; };
		95B9BF8511A13DC600EDD870 /* TCXMLParserDelegate.m in Sources */ = {isa = PBXBuildFile; fileRef = 95B9BEA711A1288900EDD870 /* TCXMLParserDelegate.m */; };
		95B9C0ED11A1611200EDD870 /* AROverlay.m in Sources */ = {isa = PBXBuildFile; fileRef = 95B9C0EC11A1611200EDD870 /* AROverlay.m */; };
		95B9C0EE11A1611200EDD870 /* AROverlay.m in Sources */ = {isa = PBXBuildFile; fileRef = 95B9C0EC11A1611200EDD870 /* AROverlay.m */; };
		95B9C0F111A1617200EDD870 /* ARImageOverlay.m in Sources */ = {isa = PBXBuildFile; fileRef = 95B9C0F011A1617200EDD870 /* ARImageOverlay.m */; };
		95B9C0F211A1617200EDD870 /* ARImageOverlay.m in Sources */ = {isa = PBXBuildFile; fileRef = 95B9C0F011A1617200EDD870 /* ARImageOverlay.m */; };
		95B9C0F511A1617B00EDD870 /* ARTextOverlay.m in Sources */ = {isa = PBXBuildFile; fileRef = 95B9C0F411A1617B00EDD870 /* ARTextOverlay.m */; };
		95B9C0F611A1617B00EDD870 /* ARTextOverlay.m in Sources */ = {isa = PBXBuildFile; fileRef = 95B9C0F411A1617B00EDD870 /* ARTextOverlay.m */; };
		95B9C11511A1654D00EDD870 /* ARTextOverlayTest.m in Sources */ = {isa = PBXBuildFile; fileRef = 95B9C11411A1654D00EDD870 /* ARTextOverlayTest.m */; };
		95B9C1B311A17A5200EDD870 /* ARImageOverlayTest.m in Sources */ = {isa = PBXBuildFile; fileRef = 95B9C1B211A17A5200EDD870 /* ARImageOverlayTest.m */; };
		95B9C1FF11A17CAB00EDD870 /* ARAnchor.m in Sources */ = {isa = PBXBuildFile; fileRef = 95B9C1FE11A17CAB00EDD870 /* ARAnchor.m */; };
		95B9C20011A17CAB00EDD870 /* ARAnchor.m in Sources */ = {isa = PBXBuildFile; fileRef = 95B9C1FE11A17CAB00EDD870 /* ARAnchor.m */; };
		95B9C27211A1834E00EDD870 /* ARAnchorTest.m in Sources */ = {isa = PBXBuildFile; fileRef = 95B9C27111A1834E00EDD870 /* ARAnchorTest.m */; };
		95B9C56F11A2937500EDD870 /* ARDimensionRequest.m in Sources */ = {isa = PBXBuildFile; fileRef = 95B9C56E11A2937500EDD870 /* ARDimensionRequest.m */; };
		95B9C57011A2937500EDD870 /* ARDimensionRequest.m in Sources */ = {isa = PBXBuildFile; fileRef = 95B9C56E11A2937500EDD870 /* ARDimensionRequest.m */; };
		95B9C58811A2977400EDD870 /* ARDimensionRequestTest.m in Sources */ = {isa = PBXBuildFile; fileRef = 95B9C58711A2977400EDD870 /* ARDimensionRequestTest.m */; };
		95D3CFC411A2B7C1007B7148 /* NSURLRequest+ARFormURLEncoding.m in Sources */ = {isa = PBXBuildFile; fileRef = 95D3CFC311A2B7C1007B7148 /* NSURLRequest+ARFormURLEncoding.m */; };
		95D3CFC511A2B7C1007B7148 /* NSURLRequest+ARFormURLEncoding.m in Sources */ = {isa = PBXBuildFile; fileRef = 95D3CFC311A2B7C1007B7148 /* NSURLRequest+ARFormURLEncoding.m */; };
		95D3CFCB11A2BB46007B7148 /* ARFormURLEncodingTest.m in Sources */ = {isa = PBXBuildFile; fileRef = 95D3CFCA11A2BB46007B7148 /* ARFormURLEncodingTest.m */; };
		95E77C461198041200A1F2B9 /* QuartzCore.framework in Frameworks */ = {isa = PBXBuildFile; fileRef = 95E77C451198041200A1F2B9 /* QuartzCore.framework */; };
		95E77C4A1198042000A1F2B9 /* CoreLocation.framework in Frameworks */ = {isa = PBXBuildFile; fileRef = 95E77C491198042000A1F2B9 /* CoreLocation.framework */; };
		95E77EF3119809F500A1F2B9 /* GHUnitTestMain.m in Sources */ = {isa = PBXBuildFile; fileRef = 95E77E2A1198090900A1F2B9 /* GHUnitTestMain.m */; };
		95E77EF6119809FE00A1F2B9 /* GHUnit.framework in Frameworks */ = {isa = PBXBuildFile; fileRef = 95E77DFF1198084800A1F2B9 /* GHUnit.framework */; };
		95E77EF711980A0400A1F2B9 /* Foundation.framework in Frameworks */ = {isa = PBXBuildFile; fileRef = 95E77E401198094800A1F2B9 /* Foundation.framework */; };
		95E77EF811980A0400A1F2B9 /* Cocoa.framework in Frameworks */ = {isa = PBXBuildFile; fileRef = 95E77EC51198097400A1F2B9 /* Cocoa.framework */; };
		C33462C1119D7B3B00228C9A /* ARMainController.m in Sources */ = {isa = PBXBuildFile; fileRef = C33462C0119D7B3B00228C9A /* ARMainController.m */; };
		C334645E11A1495D00228C9A /* ARLocation.m in Sources */ = {isa = PBXBuildFile; fileRef = C334645D11A1495D00228C9A /* ARLocation.m */; };
		C334645F11A1495D00228C9A /* ARLocation.m in Sources */ = {isa = PBXBuildFile; fileRef = C334645D11A1495D00228C9A /* ARLocation.m */; };
		C334647111A14CD200228C9A /* ARLocationTest.m in Sources */ = {isa = PBXBuildFile; fileRef = C334647011A14CD200228C9A /* ARLocationTest.m */; };
		C33465C311A16EDD00228C9A /* ARAsset.m in Sources */ = {isa = PBXBuildFile; fileRef = C33465C211A16EDD00228C9A /* ARAsset.m */; };
		C33465C811A1724B00228C9A /* ARAssetTest.m in Sources */ = {isa = PBXBuildFile; fileRef = C33465C711A1724B00228C9A /* ARAssetTest.m */; };
		C33465FE11A1795200228C9A /* ARAction.m in Sources */ = {isa = PBXBuildFile; fileRef = C33465FD11A1795200228C9A /* ARAction.m */; };
		C334661511A17D1C00228C9A /* ARActionTest.m in Sources */ = {isa = PBXBuildFile; fileRef = C334661411A17D1C00228C9A /* ARActionTest.m */; };
		C33466A411A187BF00228C9A /* ARFeature.m in Sources */ = {isa = PBXBuildFile; fileRef = C33466A311A187BF00228C9A /* ARFeature.m */; };
		C33466A511A187BF00228C9A /* ARFeature.m in Sources */ = {isa = PBXBuildFile; fileRef = C33466A311A187BF00228C9A /* ARFeature.m */; };
		C33466AC11A187DC00228C9A /* ARTextFeature.m in Sources */ = {isa = PBXBuildFile; fileRef = C33466AB11A187DC00228C9A /* ARTextFeature.m */; };
		C33466AD11A187DC00228C9A /* ARTextFeature.m in Sources */ = {isa = PBXBuildFile; fileRef = C33466AB11A187DC00228C9A /* ARTextFeature.m */; };
		C33467DF11A285B500228C9A /* ARPoint3D.m in Sources */ = {isa = PBXBuildFile; fileRef = C33467DE11A285B500228C9A /* ARPoint3D.m */; };
		C33467E011A285B500228C9A /* ARPoint3D.m in Sources */ = {isa = PBXBuildFile; fileRef = C33467DE11A285B500228C9A /* ARPoint3D.m */; };
		C33467F711A2873F00228C9A /* ARTextFeatureTest.m in Sources */ = {isa = PBXBuildFile; fileRef = C33467F611A2873F00228C9A /* ARTextFeatureTest.m */; };
		C334693411A29C1F00228C9A /* ARImageFeature.m in Sources */ = {isa = PBXBuildFile; fileRef = C334693311A29C1F00228C9A /* ARImageFeature.m */; };
		C334693511A29C1F00228C9A /* ARImageFeature.m in Sources */ = {isa = PBXBuildFile; fileRef = C334693311A29C1F00228C9A /* ARImageFeature.m */; };
		C334693811A29C3300228C9A /* ARImageFeatureTest.m in Sources */ = {isa = PBXBuildFile; fileRef = C334693711A29C3300228C9A /* ARImageFeatureTest.m */; };
		C3346A7911A2B38700228C9A /* ARAsset.m in Sources */ = {isa = PBXBuildFile; fileRef = C33465C211A16EDD00228C9A /* ARAsset.m */; };
		C3346A7A11A2B38800228C9A /* ARAction.m in Sources */ = {isa = PBXBuildFile; fileRef = C33465FD11A1795200228C9A /* ARAction.m */; };
		C3346BB311A2C20700228C9A /* AROverlayView.m in Sources */ = {isa = PBXBuildFile; fileRef = C3346BB211A2C20700228C9A /* AROverlayView.m */; };
		C3346BB611A2C21400228C9A /* ARTextOverlayView.m in Sources */ = {isa = PBXBuildFile; fileRef = C3346BB511A2C21400228C9A /* ARTextOverlayView.m */; };
/* End PBXBuildFile section */

/* Begin PBXContainerItemProxy section */
		95E77FE3119812FA00A1F2B9 /* PBXContainerItemProxy */ = {
			isa = PBXContainerItemProxy;
			containerPortal = 29B97313FDCFA39411CA2CEA /* Project object */;
			proxyType = 1;
			remoteGlobalIDString = 95E77EE0119809D200A1F2B9;
			remoteInfo = iBetelgeuseTests;
		};
/* End PBXContainerItemProxy section */

/* Begin PBXFileReference section */
		1D30AB110D05D00D00671497 /* Foundation.framework */ = {isa = PBXFileReference; lastKnownFileType = wrapper.framework; name = Foundation.framework; path = System/Library/Frameworks/Foundation.framework; sourceTree = SDKROOT; };
		1D3623240D0F684500981E51 /* ARAppDelegate.h */ = {isa = PBXFileReference; fileEncoding = 4; lastKnownFileType = sourcecode.c.h; path = ARAppDelegate.h; sourceTree = "<group>"; };
		1D3623250D0F684500981E51 /* ARAppDelegate.m */ = {isa = PBXFileReference; fileEncoding = 4; lastKnownFileType = sourcecode.c.objc; path = ARAppDelegate.m; sourceTree = "<group>"; };
		1D6058910D05DD3D006BFB54 /* iBetelgeuse.app */ = {isa = PBXFileReference; explicitFileType = wrapper.application; includeInIndex = 0; path = iBetelgeuse.app; sourceTree = BUILT_PRODUCTS_DIR; };
		1DF5F4DF0D08C38300B7A737 /* UIKit.framework */ = {isa = PBXFileReference; lastKnownFileType = wrapper.framework; name = UIKit.framework; path = System/Library/Frameworks/UIKit.framework; sourceTree = SDKROOT; };
		288765FC0DF74451002DB57D /* CoreGraphics.framework */ = {isa = PBXFileReference; lastKnownFileType = wrapper.framework; name = CoreGraphics.framework; path = System/Library/Frameworks/CoreGraphics.framework; sourceTree = SDKROOT; };
		29B97316FDCFA39411CA2CEA /* main.m */ = {isa = PBXFileReference; fileEncoding = 4; lastKnownFileType = sourcecode.c.objc; path = main.m; sourceTree = "<group>"; };
		32CA4F630368D1EE00C91783 /* Prefix.pch */ = {isa = PBXFileReference; fileEncoding = 4; lastKnownFileType = sourcecode.c.h; path = Prefix.pch; sourceTree = "<group>"; };
		8D1107310486CEB800E47090 /* Info.plist */ = {isa = PBXFileReference; fileEncoding = 4; lastKnownFileType = text.plist.xml; path = Info.plist; plistStructureDefinitionIdentifier = "com.apple.xcode.plist.structure-definition.iphone.info-plist"; sourceTree = "<group>"; };
		95919E2011A40C38006FCDFC /* TCNetworkActivityIndicator.h */ = {isa = PBXFileReference; fileEncoding = 4; lastKnownFileType = sourcecode.c.h; path = TCNetworkActivityIndicator.h; sourceTree = "<group>"; };
		95919E2111A40C38006FCDFC /* TCNetworkActivityIndicator.m */ = {isa = PBXFileReference; fileEncoding = 4; lastKnownFileType = sourcecode.c.objc; path = TCNetworkActivityIndicator.m; sourceTree = "<group>"; };
		95919F0711A41D86006FCDFC /* ARDimensionTestSkipAssetIdentifier.xml */ = {isa = PBXFileReference; fileEncoding = 4; lastKnownFileType = text.xml; path = ARDimensionTestSkipAssetIdentifier.xml; sourceTree = "<group>"; };
		95919F0811A41D86006FCDFC /* ARDimensionTestSkipLocationIdentifier.xml */ = {isa = PBXFileReference; fileEncoding = 4; lastKnownFileType = text.xml; path = ARDimensionTestSkipLocationIdentifier.xml; sourceTree = "<group>"; };
		95B9BEA611A1288900EDD870 /* TCXMLParserDelegate.h */ = {isa = PBXFileReference; fileEncoding = 4; lastKnownFileType = sourcecode.c.h; path = TCXMLParserDelegate.h; sourceTree = "<group>"; };
		95B9BEA711A1288900EDD870 /* TCXMLParserDelegate.m */ = {isa = PBXFileReference; fileEncoding = 4; lastKnownFileType = sourcecode.c.objc; path = TCXMLParserDelegate.m; sourceTree = "<group>"; };
		95B9BEA811A1288900EDD870 /* TCXMLParserDelegate+Protected.h */ = {isa = PBXFileReference; fileEncoding = 4; lastKnownFileType = sourcecode.c.h; path = "TCXMLParserDelegate+Protected.h"; sourceTree = "<group>"; };
		95B9BEAB11A1291600EDD870 /* ARDimension.h */ = {isa = PBXFileReference; fileEncoding = 4; lastKnownFileType = sourcecode.c.h; path = ARDimension.h; sourceTree = "<group>"; };
		95B9BEAC11A1291600EDD870 /* ARDimension.m */ = {isa = PBXFileReference; fileEncoding = 4; lastKnownFileType = sourcecode.c.objc; path = ARDimension.m; sourceTree = "<group>"; };
		95B9BECC11A12AF600EDD870 /* ARDimensionTest.h */ = {isa = PBXFileReference; fileEncoding = 4; lastKnownFileType = sourcecode.c.h; path = ARDimensionTest.h; sourceTree = "<group>"; };
		95B9BECD11A12AF600EDD870 /* ARDimensionTest.m */ = {isa = PBXFileReference; fileEncoding = 4; lastKnownFileType = sourcecode.c.objc; path = ARDimensionTest.m; sourceTree = "<group>"; };
		95B9BEEE11A1362700EDD870 /* ARDimensionTestBare.xml */ = {isa = PBXFileReference; fileEncoding = 4; lastKnownFileType = text.xml; path = ARDimensionTestBare.xml; sourceTree = "<group>"; };
		95B9BEEF11A1362700EDD870 /* ARDimensionTestComplete.xml */ = {isa = PBXFileReference; fileEncoding = 4; lastKnownFileType = text.xml; path = ARDimensionTestComplete.xml; sourceTree = "<group>"; };
		95B9BF1011A139A200EDD870 /* CoreLocation.framework */ = {isa = PBXFileReference; lastKnownFileType = wrapper.framework; name = CoreLocation.framework; path = /System/Library/Frameworks/CoreLocation.framework; sourceTree = "<absolute>"; };
		95B9BFDD11A1412500EDD870 /* Prefix.pch */ = {isa = PBXFileReference; fileEncoding = 4; lastKnownFileType = sourcecode.c.h; path = Prefix.pch; sourceTree = "<group>"; };
		95B9C0EB11A1611200EDD870 /* AROverlay.h */ = {isa = PBXFileReference; fileEncoding = 4; lastKnownFileType = sourcecode.c.h; path = AROverlay.h; sourceTree = "<group>"; };
		95B9C0EC11A1611200EDD870 /* AROverlay.m */ = {isa = PBXFileReference; fileEncoding = 4; lastKnownFileType = sourcecode.c.objc; path = AROverlay.m; sourceTree = "<group>"; };
		95B9C0EF11A1617200EDD870 /* ARImageOverlay.h */ = {isa = PBXFileReference; fileEncoding = 4; lastKnownFileType = sourcecode.c.h; path = ARImageOverlay.h; sourceTree = "<group>"; };
		95B9C0F011A1617200EDD870 /* ARImageOverlay.m */ = {isa = PBXFileReference; fileEncoding = 4; lastKnownFileType = sourcecode.c.objc; path = ARImageOverlay.m; sourceTree = "<group>"; };
		95B9C0F311A1617B00EDD870 /* ARTextOverlay.h */ = {isa = PBXFileReference; fileEncoding = 4; lastKnownFileType = sourcecode.c.h; path = ARTextOverlay.h; sourceTree = "<group>"; };
		95B9C0F411A1617B00EDD870 /* ARTextOverlay.m */ = {isa = PBXFileReference; fileEncoding = 4; lastKnownFileType = sourcecode.c.objc; path = ARTextOverlay.m; sourceTree = "<group>"; };
		95B9C0F711A1638E00EDD870 /* AROverlay+Protected.h */ = {isa = PBXFileReference; fileEncoding = 4; lastKnownFileType = sourcecode.c.h; path = "AROverlay+Protected.h"; sourceTree = "<group>"; };
		95B9C11311A1654D00EDD870 /* ARTextOverlayTest.h */ = {isa = PBXFileReference; fileEncoding = 4; lastKnownFileType = sourcecode.c.h; path = ARTextOverlayTest.h; sourceTree = "<group>"; };
		95B9C11411A1654D00EDD870 /* ARTextOverlayTest.m */ = {isa = PBXFileReference; fileEncoding = 4; lastKnownFileType = sourcecode.c.objc; path = ARTextOverlayTest.m; sourceTree = "<group>"; };
		95B9C11711A1691100EDD870 /* ARTextOverlayTestComplete.xml */ = {isa = PBXFileReference; fileEncoding = 4; lastKnownFileType = text.xml; path = ARTextOverlayTestComplete.xml; sourceTree = "<group>"; };
		95B9C11911A16C7200EDD870 /* ARTextOverlayTestBare.xml */ = {isa = PBXFileReference; fileEncoding = 4; lastKnownFileType = text.xml; path = ARTextOverlayTestBare.xml; sourceTree = "<group>"; };
		95B9C11D11A16CE200EDD870 /* ARTextOverlayTestFailText.xml */ = {isa = PBXFileReference; fileEncoding = 4; lastKnownFileType = text.xml; path = ARTextOverlayTestFailText.xml; sourceTree = "<group>"; };
		95B9C11E11A16CE200EDD870 /* ARTextOverlayTestFailWidth.xml */ = {isa = PBXFileReference; fileEncoding = 4; lastKnownFileType = text.xml; path = ARTextOverlayTestFailWidth.xml; sourceTree = "<group>"; };
		95B9C11F11A16CE200EDD870 /* ARTextOverlayTestFailX.xml */ = {isa = PBXFileReference; fileEncoding = 4; lastKnownFileType = text.xml; path = ARTextOverlayTestFailX.xml; sourceTree = "<group>"; };
		95B9C12011A16CE200EDD870 /* ARTextOverlayTestFailY.xml */ = {isa = PBXFileReference; fileEncoding = 4; lastKnownFileType = text.xml; path = ARTextOverlayTestFailY.xml; sourceTree = "<group>"; };
		95B9C1B111A17A5200EDD870 /* ARImageOverlayTest.h */ = {isa = PBXFileReference; fileEncoding = 4; lastKnownFileType = sourcecode.c.h; path = ARImageOverlayTest.h; sourceTree = "<group>"; };
		95B9C1B211A17A5200EDD870 /* ARImageOverlayTest.m */ = {isa = PBXFileReference; fileEncoding = 4; lastKnownFileType = sourcecode.c.objc; path = ARImageOverlayTest.m; sourceTree = "<group>"; };
		95B9C1B411A17B0600EDD870 /* ARImageOverlayTestBare.xml */ = {isa = PBXFileReference; fileEncoding = 4; lastKnownFileType = text.xml; path = ARImageOverlayTestBare.xml; sourceTree = "<group>"; };
		95B9C1B511A17B0600EDD870 /* ARImageOverlayTestComplete.xml */ = {isa = PBXFileReference; fileEncoding = 4; lastKnownFileType = text.xml; path = ARImageOverlayTestComplete.xml; sourceTree = "<group>"; };
		95B9C1B611A17B0600EDD870 /* ARImageOverlayTestFailAssetIdentifier.xml */ = {isa = PBXFileReference; fileEncoding = 4; lastKnownFileType = text.xml; path = ARImageOverlayTestFailAssetIdentifier.xml; sourceTree = "<group>"; };
		95B9C1B811A17B0600EDD870 /* ARImageOverlayTestFailX.xml */ = {isa = PBXFileReference; fileEncoding = 4; lastKnownFileType = text.xml; path = ARImageOverlayTestFailX.xml; sourceTree = "<group>"; };
		95B9C1B911A17B0600EDD870 /* ARImageOverlayTestFailY.xml */ = {isa = PBXFileReference; fileEncoding = 4; lastKnownFileType = text.xml; path = ARImageOverlayTestFailY.xml; sourceTree = "<group>"; };
		95B9C1FD11A17CAB00EDD870 /* ARAnchor.h */ = {isa = PBXFileReference; fileEncoding = 4; lastKnownFileType = sourcecode.c.h; path = ARAnchor.h; sourceTree = "<group>"; };
		95B9C1FE11A17CAB00EDD870 /* ARAnchor.m */ = {isa = PBXFileReference; fileEncoding = 4; lastKnownFileType = sourcecode.c.objc; path = ARAnchor.m; sourceTree = "<group>"; };
		95B9C27011A1834E00EDD870 /* ARAnchorTest.h */ = {isa = PBXFileReference; fileEncoding = 4; lastKnownFileType = sourcecode.c.h; path = ARAnchorTest.h; sourceTree = "<group>"; };
		95B9C27111A1834E00EDD870 /* ARAnchorTest.m */ = {isa = PBXFileReference; fileEncoding = 4; lastKnownFileType = sourcecode.c.objc; path = ARAnchorTest.m; sourceTree = "<group>"; };
		95B9C56D11A2937500EDD870 /* ARDimensionRequest.h */ = {isa = PBXFileReference; fileEncoding = 4; lastKnownFileType = sourcecode.c.h; path = ARDimensionRequest.h; sourceTree = "<group>"; };
		95B9C56E11A2937500EDD870 /* ARDimensionRequest.m */ = {isa = PBXFileReference; fileEncoding = 4; lastKnownFileType = sourcecode.c.objc; path = ARDimensionRequest.m; sourceTree = "<group>"; };
		95B9C58611A2977400EDD870 /* ARDimensionRequestTest.h */ = {isa = PBXFileReference; fileEncoding = 4; lastKnownFileType = sourcecode.c.h; path = ARDimensionRequestTest.h; sourceTree = "<group>"; };
		95B9C58711A2977400EDD870 /* ARDimensionRequestTest.m */ = {isa = PBXFileReference; fileEncoding = 4; lastKnownFileType = sourcecode.c.objc; path = ARDimensionRequestTest.m; sourceTree = "<group>"; };
		95D3CFC211A2B7C1007B7148 /* NSURLRequest+ARFormURLEncoding.h */ = {isa = PBXFileReference; fileEncoding = 4; lastKnownFileType = sourcecode.c.h; path = "NSURLRequest+ARFormURLEncoding.h"; sourceTree = "<group>"; };
		95D3CFC311A2B7C1007B7148 /* NSURLRequest+ARFormURLEncoding.m */ = {isa = PBXFileReference; fileEncoding = 4; lastKnownFileType = sourcecode.c.objc; path = "NSURLRequest+ARFormURLEncoding.m"; sourceTree = "<group>"; };
		95D3CFC911A2BB46007B7148 /* ARFormURLEncodingTest.h */ = {isa = PBXFileReference; fileEncoding = 4; lastKnownFileType = sourcecode.c.h; path = ARFormURLEncodingTest.h; sourceTree = "<group>"; };
		95D3CFCA11A2BB46007B7148 /* ARFormURLEncodingTest.m */ = {isa = PBXFileReference; fileEncoding = 4; lastKnownFileType = sourcecode.c.objc; path = ARFormURLEncodingTest.m; sourceTree = "<group>"; };
		95D3D05B11A2C51A007B7148 /* ARDimensionRequestTest.xml */ = {isa = PBXFileReference; fileEncoding = 4; lastKnownFileType = text.xml; path = ARDimensionRequestTest.xml; sourceTree = "<group>"; };
		95E77C451198041200A1F2B9 /* QuartzCore.framework */ = {isa = PBXFileReference; lastKnownFileType = wrapper.framework; name = QuartzCore.framework; path = System/Library/Frameworks/QuartzCore.framework; sourceTree = SDKROOT; };
		95E77C491198042000A1F2B9 /* CoreLocation.framework */ = {isa = PBXFileReference; lastKnownFileType = wrapper.framework; name = CoreLocation.framework; path = System/Library/Frameworks/CoreLocation.framework; sourceTree = SDKROOT; };
		95E77DFF1198084800A1F2B9 /* GHUnit.framework */ = {isa = PBXFileReference; lastKnownFileType = wrapper.framework; name = GHUnit.framework; path = /Library/Frameworks/GHUnit.framework; sourceTree = "<absolute>"; };
		95E77E2A1198090900A1F2B9 /* GHUnitTestMain.m */ = {isa = PBXFileReference; fileEncoding = 4; lastKnownFileType = sourcecode.c.objc; path = GHUnitTestMain.m; sourceTree = "<group>"; };
		95E77E401198094800A1F2B9 /* Foundation.framework */ = {isa = PBXFileReference; lastKnownFileType = wrapper.framework; name = Foundation.framework; path = /System/Library/Frameworks/Foundation.framework; sourceTree = "<absolute>"; };
		95E77EC51198097400A1F2B9 /* Cocoa.framework */ = {isa = PBXFileReference; lastKnownFileType = wrapper.framework; name = Cocoa.framework; path = /System/Library/Frameworks/Cocoa.framework; sourceTree = "<absolute>"; };
		95E77EE1119809D200A1F2B9 /* iBetelgeuseTests */ = {isa = PBXFileReference; includeInIndex = 0; lastKnownFileType = "compiled.mach-o.executable"; path = iBetelgeuseTests; sourceTree = BUILT_PRODUCTS_DIR; };
		C33462BF119D7B3B00228C9A /* ARMainController.h */ = {isa = PBXFileReference; fileEncoding = 4; lastKnownFileType = sourcecode.c.h; path = ARMainController.h; sourceTree = "<group>"; };
		C33462C0119D7B3B00228C9A /* ARMainController.m */ = {isa = PBXFileReference; fileEncoding = 4; lastKnownFileType = sourcecode.c.objc; path = ARMainController.m; sourceTree = "<group>"; };
		C334645C11A1495D00228C9A /* ARLocation.h */ = {isa = PBXFileReference; fileEncoding = 4; lastKnownFileType = sourcecode.c.h; path = ARLocation.h; sourceTree = "<group>"; };
		C334645D11A1495D00228C9A /* ARLocation.m */ = {isa = PBXFileReference; fileEncoding = 4; lastKnownFileType = sourcecode.c.objc; path = ARLocation.m; sourceTree = "<group>"; };
		C334646F11A14CD200228C9A /* ARLocationTest.h */ = {isa = PBXFileReference; fileEncoding = 4; lastKnownFileType = sourcecode.c.h; path = ARLocationTest.h; sourceTree = "<group>"; };
		C334647011A14CD200228C9A /* ARLocationTest.m */ = {isa = PBXFileReference; fileEncoding = 4; lastKnownFileType = sourcecode.c.objc; path = ARLocationTest.m; sourceTree = "<group>"; };
		C334648011A159D100228C9A /* ARLocationTestComplete.xml */ = {isa = PBXFileReference; fileEncoding = 4; lastKnownFileType = text.xml; path = ARLocationTestComplete.xml; sourceTree = "<group>"; };
		C334648111A159D100228C9A /* ARLocationTestFailAltitude.xml */ = {isa = PBXFileReference; fileEncoding = 4; lastKnownFileType = text.xml; path = ARLocationTestFailAltitude.xml; sourceTree = "<group>"; };
		C334648311A159D100228C9A /* ARLocationTestFailLatitude.xml */ = {isa = PBXFileReference; fileEncoding = 4; lastKnownFileType = text.xml; path = ARLocationTestFailLatitude.xml; sourceTree = "<group>"; };
		C334648411A159D100228C9A /* ARLocationTestFailLongitude.xml */ = {isa = PBXFileReference; fileEncoding = 4; lastKnownFileType = text.xml; path = ARLocationTestFailLongitude.xml; sourceTree = "<group>"; };
		C33465C111A16EDD00228C9A /* ARAsset.h */ = {isa = PBXFileReference; fileEncoding = 4; lastKnownFileType = sourcecode.c.h; path = ARAsset.h; sourceTree = "<group>"; };
		C33465C211A16EDD00228C9A /* ARAsset.m */ = {isa = PBXFileReference; fileEncoding = 4; lastKnownFileType = sourcecode.c.objc; path = ARAsset.m; sourceTree = "<group>"; };
		C33465C611A1724B00228C9A /* ARAssetTest.h */ = {isa = PBXFileReference; fileEncoding = 4; lastKnownFileType = sourcecode.c.h; path = ARAssetTest.h; sourceTree = "<group>"; };
		C33465C711A1724B00228C9A /* ARAssetTest.m */ = {isa = PBXFileReference; fileEncoding = 4; lastKnownFileType = sourcecode.c.objc; path = ARAssetTest.m; sourceTree = "<group>"; };
		C33465DF11A1766E00228C9A /* ARAssetTestBare.xml */ = {isa = PBXFileReference; fileEncoding = 4; lastKnownFileType = text.xml; path = ARAssetTestBare.xml; sourceTree = "<group>"; };
		C33465E011A1766E00228C9A /* ARAssetTestComplete.xml */ = {isa = PBXFileReference; fileEncoding = 4; lastKnownFileType = text.xml; path = ARAssetTestComplete.xml; sourceTree = "<group>"; };
		C33465E111A1766E00228C9A /* ARAssetTestFailIdentifier.xml */ = {isa = PBXFileReference; fileEncoding = 4; lastKnownFileType = text.xml; path = ARAssetTestFailIdentifier.xml; sourceTree = "<group>"; };
		C33465E211A1766E00228C9A /* ARAssetTestFailURL.xml */ = {isa = PBXFileReference; fileEncoding = 4; lastKnownFileType = text.xml; path = ARAssetTestFailURL.xml; sourceTree = "<group>"; };
		C33465E311A1766E00228C9A /* ARLocationTestBare.xml */ = {isa = PBXFileReference; fileEncoding = 4; lastKnownFileType = text.xml; path = ARLocationTestBare.xml; sourceTree = "<group>"; };
		C33465FC11A1795200228C9A /* ARAction.h */ = {isa = PBXFileReference; fileEncoding = 4; lastKnownFileType = sourcecode.c.h; path = ARAction.h; sourceTree = "<group>"; };
		C33465FD11A1795200228C9A /* ARAction.m */ = {isa = PBXFileReference; fileEncoding = 4; lastKnownFileType = sourcecode.c.objc; path = ARAction.m; sourceTree = "<group>"; };
		C334661311A17D1C00228C9A /* ARActionTest.h */ = {isa = PBXFileReference; fileEncoding = 4; lastKnownFileType = sourcecode.c.h; path = ARActionTest.h; sourceTree = "<group>"; };
		C334661411A17D1C00228C9A /* ARActionTest.m */ = {isa = PBXFileReference; fileEncoding = 4; lastKnownFileType = sourcecode.c.objc; path = ARActionTest.m; sourceTree = "<group>"; };
		C33466A211A187BF00228C9A /* ARFeature.h */ = {isa = PBXFileReference; fileEncoding = 4; lastKnownFileType = sourcecode.c.h; path = ARFeature.h; sourceTree = "<group>"; };
		C33466A311A187BF00228C9A /* ARFeature.m */ = {isa = PBXFileReference; fileEncoding = 4; lastKnownFileType = sourcecode.c.objc; path = ARFeature.m; sourceTree = "<group>"; };
		C33466AA11A187DC00228C9A /* ARTextFeature.h */ = {isa = PBXFileReference; fileEncoding = 4; lastKnownFileType = sourcecode.c.h; path = ARTextFeature.h; sourceTree = "<group>"; };
		C33466AB11A187DC00228C9A /* ARTextFeature.m */ = {isa = PBXFileReference; fileEncoding = 4; lastKnownFileType = sourcecode.c.objc; path = ARTextFeature.m; sourceTree = "<group>"; };
		C33466AE11A1880400228C9A /* ARFeature+Protected.h */ = {isa = PBXFileReference; fileEncoding = 4; lastKnownFileType = sourcecode.c.h; path = "ARFeature+Protected.h"; sourceTree = "<group>"; };
		C33467DD11A285B500228C9A /* ARPoint3D.h */ = {isa = PBXFileReference; fileEncoding = 4; lastKnownFileType = sourcecode.c.h; path = ARPoint3D.h; sourceTree = "<group>"; };
		C33467DE11A285B500228C9A /* ARPoint3D.m */ = {isa = PBXFileReference; fileEncoding = 4; lastKnownFileType = sourcecode.c.objc; path = ARPoint3D.m; sourceTree = "<group>"; };
		C33467F511A2873F00228C9A /* ARTextFeatureTest.h */ = {isa = PBXFileReference; fileEncoding = 4; lastKnownFileType = sourcecode.c.h; path = ARTextFeatureTest.h; sourceTree = "<group>"; };
		C33467F611A2873F00228C9A /* ARTextFeatureTest.m */ = {isa = PBXFileReference; fileEncoding = 4; lastKnownFileType = sourcecode.c.objc; path = ARTextFeatureTest.m; sourceTree = "<group>"; };
		C33467FC11A28A3000228C9A /* ARTextFeatureTestComplete.xml */ = {isa = PBXFileReference; fileEncoding = 4; lastKnownFileType = text.xml; path = ARTextFeatureTestComplete.xml; sourceTree = "<group>"; };
		C334681C11A28C0C00228C9A /* ARTextFeatureTestBareLocation.xml */ = {isa = PBXFileReference; fileEncoding = 4; lastKnownFileType = text.xml; path = ARTextFeatureTestBareLocation.xml; sourceTree = "<group>"; };
		C334681D11A28C0C00228C9A /* ARTextFeatureTestBareLocationId.xml */ = {isa = PBXFileReference; fileEncoding = 4; lastKnownFileType = text.xml; path = ARTextFeatureTestBareLocationId.xml; sourceTree = "<group>"; };
		C334693211A29C1F00228C9A /* ARImageFeature.h */ = {isa = PBXFileReference; fileEncoding = 4; lastKnownFileType = sourcecode.c.h; path = ARImageFeature.h; sourceTree = "<group>"; };
		C334693311A29C1F00228C9A /* ARImageFeature.m */ = {isa = PBXFileReference; fileEncoding = 4; lastKnownFileType = sourcecode.c.objc; path = ARImageFeature.m; sourceTree = "<group>"; };
		C334693611A29C3300228C9A /* ARImageFeatureTest.h */ = {isa = PBXFileReference; fileEncoding = 4; lastKnownFileType = sourcecode.c.h; path = ARImageFeatureTest.h; sourceTree = "<group>"; };
		C334693711A29C3300228C9A /* ARImageFeatureTest.m */ = {isa = PBXFileReference; fileEncoding = 4; lastKnownFileType = sourcecode.c.objc; path = ARImageFeatureTest.m; sourceTree = "<group>"; };
		C334696011A2A0A700228C9A /* ARImageFeatureTestBareLocation.xml */ = {isa = PBXFileReference; fileEncoding = 4; lastKnownFileType = text.xml; path = ARImageFeatureTestBareLocation.xml; sourceTree = "<group>"; };
		C334696111A2A0A700228C9A /* ARImageFeatureTestBareLocationId.xml */ = {isa = PBXFileReference; fileEncoding = 4; lastKnownFileType = text.xml; path = ARImageFeatureTestBareLocationId.xml; sourceTree = "<group>"; };
		C334696211A2A0A700228C9A /* ARImageFeatureTestComplete.xml */ = {isa = PBXFileReference; fileEncoding = 4; lastKnownFileType = text.xml; path = ARImageFeatureTestComplete.xml; sourceTree = "<group>"; };
		C334696311A2A0A700228C9A /* ARImageFeatureTestFailAssetId.xml */ = {isa = PBXFileReference; fileEncoding = 4; lastKnownFileType = text.xml; path = ARImageFeatureTestFailAssetId.xml; sourceTree = "<group>"; };
		C334696411A2A0A700228C9A /* ARImageFeatureTestFailLocation.xml */ = {isa = PBXFileReference; fileEncoding = 4; lastKnownFileType = text.xml; path = ARImageFeatureTestFailLocation.xml; sourceTree = "<group>"; };
		C334696511A2A0A700228C9A /* ARTextFeatureTestFailLocation.xml */ = {isa = PBXFileReference; fileEncoding = 4; lastKnownFileType = text.xml; path = ARTextFeatureTestFailLocation.xml; sourceTree = "<group>"; };
		C334696611A2A0A700228C9A /* ARTextFeatureTestFailText.xml */ = {isa = PBXFileReference; fileEncoding = 4; lastKnownFileType = text.xml; path = ARTextFeatureTestFailText.xml; sourceTree = "<group>"; };
		C3346BB111A2C20700228C9A /* AROverlayView.h */ = {isa = PBXFileReference; fileEncoding = 4; lastKnownFileType = sourcecode.c.h; path = AROverlayView.h; sourceTree = "<group>"; };
		C3346BB211A2C20700228C9A /* AROverlayView.m */ = {isa = PBXFileReference; fileEncoding = 4; lastKnownFileType = sourcecode.c.objc; path = AROverlayView.m; sourceTree = "<group>"; };
		C3346BB411A2C21400228C9A /* ARTextOverlayView.h */ = {isa = PBXFileReference; fileEncoding = 4; lastKnownFileType = sourcecode.c.h; path = ARTextOverlayView.h; sourceTree = "<group>"; };
		C3346BB511A2C21400228C9A /* ARTextOverlayView.m */ = {isa = PBXFileReference; fileEncoding = 4; lastKnownFileType = sourcecode.c.objc; path = ARTextOverlayView.m; sourceTree = "<group>"; };
/* End PBXFileReference section */

/* Begin PBXFrameworksBuildPhase section */
		1D60588F0D05DD3D006BFB54 /* Frameworks */ = {
			isa = PBXFrameworksBuildPhase;
			buildActionMask = 2147483647;
			files = (
				1D60589F0D05DD5A006BFB54 /* Foundation.framework in Frameworks */,
				1DF5F4E00D08C38300B7A737 /* UIKit.framework in Frameworks */,
				288765FD0DF74451002DB57D /* CoreGraphics.framework in Frameworks */,
				95E77C461198041200A1F2B9 /* QuartzCore.framework in Frameworks */,
				95E77C4A1198042000A1F2B9 /* CoreLocation.framework in Frameworks */,
			);
			runOnlyForDeploymentPostprocessing = 0;
		};
		95E77EDF119809D200A1F2B9 /* Frameworks */ = {
			isa = PBXFrameworksBuildPhase;
			buildActionMask = 2147483647;
			files = (
				95E77EF711980A0400A1F2B9 /* Foundation.framework in Frameworks */,
				95E77EF811980A0400A1F2B9 /* Cocoa.framework in Frameworks */,
				95E77EF6119809FE00A1F2B9 /* GHUnit.framework in Frameworks */,
				95B9BF1111A139A200EDD870 /* CoreLocation.framework in Frameworks */,
			);
			runOnlyForDeploymentPostprocessing = 0;
		};
/* End PBXFrameworksBuildPhase section */

/* Begin PBXGroup section */
		080E96DDFE201D6D7F000001 /* Sources */ = {
			isa = PBXGroup;
			children = (
				95E77C421198031A00A1F2B9 /* Model */,
				95E77C431198031E00A1F2B9 /* View */,
				95E77C41119802FD00A1F2B9 /* Controller */,
				95E77C441198032400A1F2B9 /* Other */,
				95E77E1D1198085900A1F2B9 /* Tests */,
			);
			path = Sources;
			sourceTree = "<group>";
		};
		19C28FACFE9D520D11CA2CBB /* Products */ = {
			isa = PBXGroup;
			children = (
				1D6058910D05DD3D006BFB54 /* iBetelgeuse.app */,
				95E77EE1119809D200A1F2B9 /* iBetelgeuseTests */,
			);
			name = Products;
			sourceTree = "<group>";
		};
		29B97314FDCFA39411CA2CEA /* CustomTemplate */ = {
			isa = PBXGroup;
			children = (
				080E96DDFE201D6D7F000001 /* Sources */,
				29B97317FDCFA39411CA2CEA /* Resources */,
				29B97323FDCFA39411CA2CEA /* Frameworks */,
				19C28FACFE9D520D11CA2CBB /* Products */,
			);
			name = CustomTemplate;
			sourceTree = "<group>";
		};
		29B97317FDCFA39411CA2CEA /* Resources */ = {
			isa = PBXGroup;
			children = (
				8D1107310486CEB800E47090 /* Info.plist */,
				95B9BEED11A1361400EDD870 /* Tests */,
			);
			path = Resources;
			sourceTree = "<group>";
		};
		29B97323FDCFA39411CA2CEA /* Frameworks */ = {
			isa = PBXGroup;
			children = (
				95E77C451198041200A1F2B9 /* QuartzCore.framework */,
				95E77C491198042000A1F2B9 /* CoreLocation.framework */,
				1DF5F4DF0D08C38300B7A737 /* UIKit.framework */,
				1D30AB110D05D00D00671497 /* Foundation.framework */,
				288765FC0DF74451002DB57D /* CoreGraphics.framework */,
				95E77ECB1198097C00A1F2B9 /* Tests */,
			);
			name = Frameworks;
			sourceTree = "<group>";
		};
		95B9BEED11A1361400EDD870 /* Tests */ = {
			isa = PBXGroup;
			children = (
				C334696011A2A0A700228C9A /* ARImageFeatureTestBareLocation.xml */,
				C334696111A2A0A700228C9A /* ARImageFeatureTestBareLocationId.xml */,
				C334696211A2A0A700228C9A /* ARImageFeatureTestComplete.xml */,
				C334696311A2A0A700228C9A /* ARImageFeatureTestFailAssetId.xml */,
				C334696411A2A0A700228C9A /* ARImageFeatureTestFailLocation.xml */,
				C334696511A2A0A700228C9A /* ARTextFeatureTestFailLocation.xml */,
				C334696611A2A0A700228C9A /* ARTextFeatureTestFailText.xml */,
				C334681C11A28C0C00228C9A /* ARTextFeatureTestBareLocation.xml */,
				C334681D11A28C0C00228C9A /* ARTextFeatureTestBareLocationId.xml */,
				C33467FC11A28A3000228C9A /* ARTextFeatureTestComplete.xml */,
				C33465DF11A1766E00228C9A /* ARAssetTestBare.xml */,
				C33465E011A1766E00228C9A /* ARAssetTestComplete.xml */,
				C33465E111A1766E00228C9A /* ARAssetTestFailIdentifier.xml */,
				C33465E211A1766E00228C9A /* ARAssetTestFailURL.xml */,
				C334648011A159D100228C9A /* ARLocationTestComplete.xml */,
				C33465E311A1766E00228C9A /* ARLocationTestBare.xml */,
				C334648111A159D100228C9A /* ARLocationTestFailAltitude.xml */,
				C334648311A159D100228C9A /* ARLocationTestFailLatitude.xml */,
				C334648411A159D100228C9A /* ARLocationTestFailLongitude.xml */,
				95B9BEEF11A1362700EDD870 /* ARDimensionTestComplete.xml */,
				95B9BEEE11A1362700EDD870 /* ARDimensionTestBare.xml */,
				95919F0711A41D86006FCDFC /* ARDimensionTestSkipAssetIdentifier.xml */,
				95919F0811A41D86006FCDFC /* ARDimensionTestSkipLocationIdentifier.xml */,
				95B9C11711A1691100EDD870 /* ARTextOverlayTestComplete.xml */,
				95B9C11911A16C7200EDD870 /* ARTextOverlayTestBare.xml */,
				95B9C11D11A16CE200EDD870 /* ARTextOverlayTestFailText.xml */,
				95B9C11E11A16CE200EDD870 /* ARTextOverlayTestFailWidth.xml */,
				95B9C11F11A16CE200EDD870 /* ARTextOverlayTestFailX.xml */,
				95B9C12011A16CE200EDD870 /* ARTextOverlayTestFailY.xml */,
				95B9C1B511A17B0600EDD870 /* ARImageOverlayTestComplete.xml */,
				95B9C1B411A17B0600EDD870 /* ARImageOverlayTestBare.xml */,
				95B9C1B611A17B0600EDD870 /* ARImageOverlayTestFailAssetIdentifier.xml */,
				95B9C1B811A17B0600EDD870 /* ARImageOverlayTestFailX.xml */,
				95B9C1B911A17B0600EDD870 /* ARImageOverlayTestFailY.xml */,
				95D3D05B11A2C51A007B7148 /* ARDimensionRequestTest.xml */,
			);
			path = Tests;
			sourceTree = "<group>";
		};
		95D3D0CB11A2CA59007B7148 /* Dimension */ = {
			isa = PBXGroup;
			children = (
				95B9BEAB11A1291600EDD870 /* ARDimension.h */,
				95B9BEAC11A1291600EDD870 /* ARDimension.m */,
				C334645C11A1495D00228C9A /* ARLocation.h */,
				C334645D11A1495D00228C9A /* ARLocation.m */,
				C33465C111A16EDD00228C9A /* ARAsset.h */,
				C33465C211A16EDD00228C9A /* ARAsset.m */,
				C33465FC11A1795200228C9A /* ARAction.h */,
				C33465FD11A1795200228C9A /* ARAction.m */,
				95D3D0CF11A2CA84007B7148 /* Overlay */,
				95D3D0D011A2CA8E007B7148 /* Feature */,
			);
			name = Dimension;
			sourceTree = "<group>";
		};
		95D3D0CF11A2CA84007B7148 /* Overlay */ = {
			isa = PBXGroup;
			children = (
				95B9C0EB11A1611200EDD870 /* AROverlay.h */,
				95B9C0F711A1638E00EDD870 /* AROverlay+Protected.h */,
				95B9C0EC11A1611200EDD870 /* AROverlay.m */,
				95B9C0F311A1617B00EDD870 /* ARTextOverlay.h */,
				95B9C0F411A1617B00EDD870 /* ARTextOverlay.m */,
				95B9C0EF11A1617200EDD870 /* ARImageOverlay.h */,
				95B9C0F011A1617200EDD870 /* ARImageOverlay.m */,
			);
			name = Overlay;
			sourceTree = "<group>";
		};
		95D3D0D011A2CA8E007B7148 /* Feature */ = {
			isa = PBXGroup;
			children = (
				C33466A211A187BF00228C9A /* ARFeature.h */,
				C33466AE11A1880400228C9A /* ARFeature+Protected.h */,
				C33466A311A187BF00228C9A /* ARFeature.m */,
				C33466AA11A187DC00228C9A /* ARTextFeature.h */,
				C33466AB11A187DC00228C9A /* ARTextFeature.m */,
				C334693211A29C1F00228C9A /* ARImageFeature.h */,
				C334693311A29C1F00228C9A /* ARImageFeature.m */,
			);
			name = Feature;
			sourceTree = "<group>";
		};
		95E77C41119802FD00A1F2B9 /* Controller */ = {
			isa = PBXGroup;
			children = (
				1D3623240D0F684500981E51 /* ARAppDelegate.h */,
				1D3623250D0F684500981E51 /* ARAppDelegate.m */,
				C33462BF119D7B3B00228C9A /* ARMainController.h */,
				C33462C0119D7B3B00228C9A /* ARMainController.m */,
			);
			name = Controller;
			sourceTree = "<group>";
		};
		95E77C421198031A00A1F2B9 /* Model */ = {
			isa = PBXGroup;
			children = (
				C33467DD11A285B500228C9A /* ARPoint3D.h */,
				C33467DE11A285B500228C9A /* ARPoint3D.m */,
				95B9C1FD11A17CAB00EDD870 /* ARAnchor.h */,
				95B9C1FE11A17CAB00EDD870 /* ARAnchor.m */,
				95B9C56D11A2937500EDD870 /* ARDimensionRequest.h */,
				95B9C56E11A2937500EDD870 /* ARDimensionRequest.m */,
				95D3D0CB11A2CA59007B7148 /* Dimension */,
				95D3CFC211A2B7C1007B7148 /* NSURLRequest+ARFormURLEncoding.h */,
				95D3CFC311A2B7C1007B7148 /* NSURLRequest+ARFormURLEncoding.m */,
				95B9BEA611A1288900EDD870 /* TCXMLParserDelegate.h */,
				95B9BEA811A1288900EDD870 /* TCXMLParserDelegate+Protected.h */,
				95B9BEA711A1288900EDD870 /* TCXMLParserDelegate.m */,
				95919E2011A40C38006FCDFC /* TCNetworkActivityIndicator.h */,
				95919E2111A40C38006FCDFC /* TCNetworkActivityIndicator.m */,
			);
			name = Model;
			sourceTree = "<group>";
		};
		95E77C431198031E00A1F2B9 /* View */ = {
			isa = PBXGroup;
			children = (
				C3346BB111A2C20700228C9A /* AROverlayView.h */,
				C3346BB211A2C20700228C9A /* AROverlayView.m */,
				C3346BB411A2C21400228C9A /* ARTextOverlayView.h */,
				C3346BB511A2C21400228C9A /* ARTextOverlayView.m */,
			);
			name = View;
			sourceTree = "<group>";
		};
		95E77C441198032400A1F2B9 /* Other */ = {
			isa = PBXGroup;
			children = (
				32CA4F630368D1EE00C91783 /* Prefix.pch */,
				29B97316FDCFA39411CA2CEA /* main.m */,
			);
			name = Other;
			sourceTree = "<group>";
		};
		95E77E1D1198085900A1F2B9 /* Tests */ = {
			isa = PBXGroup;
			children = (
				C334693611A29C3300228C9A /* ARImageFeatureTest.h */,
				C334693711A29C3300228C9A /* ARImageFeatureTest.m */,
				95B9BFDD11A1412500EDD870 /* Prefix.pch */,
				95E77E2A1198090900A1F2B9 /* GHUnitTestMain.m */,
				95B9BECC11A12AF600EDD870 /* ARDimensionTest.h */,
				95B9BECD11A12AF600EDD870 /* ARDimensionTest.m */,
				C334646F11A14CD200228C9A /* ARLocationTest.h */,
				C334647011A14CD200228C9A /* ARLocationTest.m */,
				C33465C611A1724B00228C9A /* ARAssetTest.h */,
				C33465C711A1724B00228C9A /* ARAssetTest.m */,
				95B9C27011A1834E00EDD870 /* ARAnchorTest.h */,
				95B9C27111A1834E00EDD870 /* ARAnchorTest.m */,
				C334661311A17D1C00228C9A /* ARActionTest.h */,
				C334661411A17D1C00228C9A /* ARActionTest.m */,
				95B9C11311A1654D00EDD870 /* ARTextOverlayTest.h */,
				95B9C11411A1654D00EDD870 /* ARTextOverlayTest.m */,
				95B9C1B111A17A5200EDD870 /* ARImageOverlayTest.h */,
				95B9C1B211A17A5200EDD870 /* ARImageOverlayTest.m */,
				C33467F511A2873F00228C9A /* ARTextFeatureTest.h */,
				C33467F611A2873F00228C9A /* ARTextFeatureTest.m */,
				95B9C58611A2977400EDD870 /* ARDimensionRequestTest.h */,
				95B9C58711A2977400EDD870 /* ARDimensionRequestTest.m */,
				95D3CFC911A2BB46007B7148 /* ARFormURLEncodingTest.h */,
				95D3CFCA11A2BB46007B7148 /* ARFormURLEncodingTest.m */,
			);
			path = Tests;
			sourceTree = "<group>";
		};
		95E77ECB1198097C00A1F2B9 /* Tests */ = {
			isa = PBXGroup;
			children = (
				95E77DFF1198084800A1F2B9 /* GHUnit.framework */,
				95E77E401198094800A1F2B9 /* Foundation.framework */,
				95E77EC51198097400A1F2B9 /* Cocoa.framework */,
				95B9BF1011A139A200EDD870 /* CoreLocation.framework */,
			);
			name = Tests;
			sourceTree = "<group>";
		};
/* End PBXGroup section */

/* Begin PBXNativeTarget section */
		1D6058900D05DD3D006BFB54 /* iBetelgeuse */ = {
			isa = PBXNativeTarget;
			buildConfigurationList = 1D6058960D05DD3E006BFB54 /* Build configuration list for PBXNativeTarget "iBetelgeuse" */;
			buildPhases = (
				1D60588D0D05DD3D006BFB54 /* Resources */,
				1D60588E0D05DD3D006BFB54 /* Sources */,
				1D60588F0D05DD3D006BFB54 /* Frameworks */,
			);
			buildRules = (
			);
			dependencies = (
			);
			name = iBetelgeuse;
			productName = iBetelgeuse;
			productReference = 1D6058910D05DD3D006BFB54 /* iBetelgeuse.app */;
			productType = "com.apple.product-type.application";
		};
		95E77EE0119809D200A1F2B9 /* iBetelgeuseTests */ = {
			isa = PBXNativeTarget;
			buildConfigurationList = 95E77F1611980A2000A1F2B9 /* Build configuration list for PBXNativeTarget "iBetelgeuseTests" */;
			buildPhases = (
				95E77EDE119809D200A1F2B9 /* Sources */,
				95E77EDF119809D200A1F2B9 /* Frameworks */,
			);
			buildRules = (
			);
			dependencies = (
			);
			name = iBetelgeuseTests;
			productName = iBetelgeuseTests;
			productReference = 95E77EE1119809D200A1F2B9 /* iBetelgeuseTests */;
			productType = "com.apple.product-type.tool";
		};
/* End PBXNativeTarget section */

/* Begin PBXProject section */
		29B97313FDCFA39411CA2CEA /* Project object */ = {
			isa = PBXProject;
			buildConfigurationList = C01FCF4E08A954540054247B /* Build configuration list for PBXProject "iBetelgeuse" */;
			compatibilityVersion = "Xcode 3.1";
			hasScannedForEncodings = 1;
			mainGroup = 29B97314FDCFA39411CA2CEA /* CustomTemplate */;
			projectDirPath = "";
			projectRoot = "";
			targets = (
				1D6058900D05DD3D006BFB54 /* iBetelgeuse */,
				95E77EE0119809D200A1F2B9 /* iBetelgeuseTests */,
				95E77FD9119812C100A1F2B9 /* iBetelgeuseTests with coverage report */,
			);
		};
/* End PBXProject section */

/* Begin PBXResourcesBuildPhase section */
		1D60588D0D05DD3D006BFB54 /* Resources */ = {
			isa = PBXResourcesBuildPhase;
			buildActionMask = 2147483647;
			files = (
			);
			runOnlyForDeploymentPostprocessing = 0;
		};
/* End PBXResourcesBuildPhase section */

/* Begin PBXShellScriptBuildPhase section */
		95E77FD8119812C100A1F2B9 /* ShellScript */ = {
			isa = PBXShellScriptBuildPhase;
			buildActionMask = 2147483647;
			files = (
			);
			inputPaths = (
			);
			outputPaths = (
			);
			runOnlyForDeploymentPostprocessing = 0;
			shellPath = /bin/sh;
			shellScript = "PATH=\"/usr/local/bin:$PATH\"\n\nBUILD_DIR=\"$CONFIGURATION_BUILD_DIR\"\nOBJS_DIR=\"$CONFIGURATION_TEMP_DIR/iBetelgeuseTests.build/Objects-normal/$NATIVE_ARCH_ACTUAL\"\nLCOV_DIR=\"lcov\"\n\nmkdir -p \"$LCOV_DIR\"\nlcov -d \"$OBJS_DIR\" --zerocounters\nGHUNIT_CLI=\"YES\" \"$BUILD_DIR/iBetelgeuseTests\"\nlcov -d \"$OBJS_DIR\" --capture --output-file \"$LCOV_DIR/iBetelgeuseTests.info\"\ngenhtml -o \"$LCOV_DIR\" \"$LCOV_DIR/iBetelgeuseTests.info\"\n";
			showEnvVarsInLog = 0;
		};
/* End PBXShellScriptBuildPhase section */

/* Begin PBXSourcesBuildPhase section */
		1D60588E0D05DD3D006BFB54 /* Sources */ = {
			isa = PBXSourcesBuildPhase;
			buildActionMask = 2147483647;
			files = (
				1D60589B0D05DD56006BFB54 /* main.m in Sources */,
				1D3623260D0F684500981E51 /* ARAppDelegate.m in Sources */,
				C33462C1119D7B3B00228C9A /* ARMainController.m in Sources */,
				95B9BEA911A1288900EDD870 /* TCXMLParserDelegate.m in Sources */,
				95B9BEAD11A1291600EDD870 /* ARDimension.m in Sources */,
				C334645E11A1495D00228C9A /* ARLocation.m in Sources */,
				95B9C0ED11A1611200EDD870 /* AROverlay.m in Sources */,
				95B9C0F111A1617200EDD870 /* ARImageOverlay.m in Sources */,
				95B9C0F611A1617B00EDD870 /* ARTextOverlay.m in Sources */,
				95B9C20011A17CAB00EDD870 /* ARAnchor.m in Sources */,
				C33466A511A187BF00228C9A /* ARFeature.m in Sources */,
				C33466AC11A187DC00228C9A /* ARTextFeature.m in Sources */,
				C33467DF11A285B500228C9A /* ARPoint3D.m in Sources */,
				C334693511A29C1F00228C9A /* ARImageFeature.m in Sources */,
				95B9C57011A2937500EDD870 /* ARDimensionRequest.m in Sources */,
				95D3CFC411A2B7C1007B7148 /* NSURLRequest+ARFormURLEncoding.m in Sources */,
				C3346A7911A2B38700228C9A /* ARAsset.m in Sources */,
				C3346A7A11A2B38800228C9A /* ARAction.m in Sources */,
				C3346BB311A2C20700228C9A /* AROverlayView.m in Sources */,
				C3346BB611A2C21400228C9A /* ARTextOverlayView.m in Sources */,
				95919E2211A40C38006FCDFC /* TCNetworkActivityIndicator.m in Sources */,
			);
			runOnlyForDeploymentPostprocessing = 0;
		};
		95E77EDE119809D200A1F2B9 /* Sources */ = {
			isa = PBXSourcesBuildPhase;
			buildActionMask = 2147483647;
			files = (
				95E77EF3119809F500A1F2B9 /* GHUnitTestMain.m in Sources */,
				95B9BED011A12B0700EDD870 /* ARDimensionTest.m in Sources */,
				95B9BF3911A13A5200EDD870 /* ARDimension.m in Sources */,
				95B9BF8511A13DC600EDD870 /* TCXMLParserDelegate.m in Sources */,
				C334645F11A1495D00228C9A /* ARLocation.m in Sources */,
				C334647111A14CD200228C9A /* ARLocationTest.m in Sources */,
				C33465C311A16EDD00228C9A /* ARAsset.m in Sources */,
				C33465C811A1724B00228C9A /* ARAssetTest.m in Sources */,
				C33465FE11A1795200228C9A /* ARAction.m in Sources */,
				C334661511A17D1C00228C9A /* ARActionTest.m in Sources */,
				95B9C0EE11A1611200EDD870 /* AROverlay.m in Sources */,
				95B9C0F211A1617200EDD870 /* ARImageOverlay.m in Sources */,
				95B9C0F511A1617B00EDD870 /* ARTextOverlay.m in Sources */,
				95B9C11511A1654D00EDD870 /* ARTextOverlayTest.m in Sources */,
				95B9C1B311A17A5200EDD870 /* ARImageOverlayTest.m in Sources */,
				95B9C1FF11A17CAB00EDD870 /* ARAnchor.m in Sources */,
				95B9C27211A1834E00EDD870 /* ARAnchorTest.m in Sources */,
				C33466A411A187BF00228C9A /* ARFeature.m in Sources */,
				C33466AD11A187DC00228C9A /* ARTextFeature.m in Sources */,
				C33467E011A285B500228C9A /* ARPoint3D.m in Sources */,
				C33467F711A2873F00228C9A /* ARTextFeatureTest.m in Sources */,
				C334693411A29C1F00228C9A /* ARImageFeature.m in Sources */,
				C334693811A29C3300228C9A /* ARImageFeatureTest.m in Sources */,
				95B9C56F11A2937500EDD870 /* ARDimensionRequest.m in Sources */,
				95B9C58811A2977400EDD870 /* ARDimensionRequestTest.m in Sources */,
				95D3CFC511A2B7C1007B7148 /* NSURLRequest+ARFormURLEncoding.m in Sources */,
				95D3CFCB11A2BB46007B7148 /* ARFormURLEncodingTest.m in Sources */,
			);
			runOnlyForDeploymentPostprocessing = 0;
		};
/* End PBXSourcesBuildPhase section */

/* Begin PBXTargetDependency section */
		95E77FE4119812FA00A1F2B9 /* PBXTargetDependency */ = {
			isa = PBXTargetDependency;
			target = 95E77EE0119809D200A1F2B9 /* iBetelgeuseTests */;
			targetProxy = 95E77FE3119812FA00A1F2B9 /* PBXContainerItemProxy */;
		};
/* End PBXTargetDependency section */

/* Begin XCBuildConfiguration section */
		1D6058940D05DD3E006BFB54 /* Debug */ = {
			isa = XCBuildConfiguration;
			buildSettings = {
				ALWAYS_SEARCH_USER_PATHS = NO;
				COPY_PHASE_STRIP = NO;
				GCC_DYNAMIC_NO_PIC = NO;
				GCC_OPTIMIZATION_LEVEL = 0;
				GCC_PRECOMPILE_PREFIX_HEADER = YES;
				GCC_PREFIX_HEADER = Sources/Prefix.pch;
				INFOPLIST_FILE = Resources/Info.plist;
				OTHER_CFLAGS = "-DDEBUG";
				PRODUCT_NAME = iBetelgeuse;
			};
			name = Debug;
		};
		1D6058950D05DD3E006BFB54 /* Release */ = {
			isa = XCBuildConfiguration;
			buildSettings = {
				ALWAYS_SEARCH_USER_PATHS = NO;
				COPY_PHASE_STRIP = YES;
				GCC_PRECOMPILE_PREFIX_HEADER = YES;
				GCC_PREFIX_HEADER = Sources/Prefix.pch;
				INFOPLIST_FILE = Resources/Info.plist;
				PRODUCT_NAME = iBetelgeuse;
				VALIDATE_PRODUCT = YES;
			};
			name = Release;
		};
		95E77EE3119809D300A1F2B9 /* Debug */ = {
			isa = XCBuildConfiguration;
			buildSettings = {
				ALWAYS_SEARCH_USER_PATHS = NO;
				ARCHS = "$(NATIVE_ARCH_ACTUAL)";
				COPY_PHASE_STRIP = NO;
				GCC_DYNAMIC_NO_PIC = NO;
				GCC_ENABLE_FIX_AND_CONTINUE = YES;
				GCC_GENERATE_TEST_COVERAGE_FILES = YES;
				GCC_INSTRUMENT_PROGRAM_FLOW_ARCS = YES;
				GCC_MODEL_TUNING = G5;
				GCC_OPTIMIZATION_LEVEL = 0;
				GCC_PRECOMPILE_PREFIX_HEADER = YES;
				GCC_PREFIX_HEADER = Sources/Tests/Prefix.pch;
				GCC_VERSION = 4.0;
				INSTALL_PATH = /usr/local/bin;
				OTHER_CFLAGS = "-DDEBUG";
				OTHER_LDFLAGS = "-lgcov";
				PREBINDING = NO;
				PRODUCT_NAME = iBetelgeuseTests;
				SDKROOT = "";
			};
			name = Debug;
		};
		95E77EE4119809D300A1F2B9 /* Release */ = {
			isa = XCBuildConfiguration;
			buildSettings = {
				ALWAYS_SEARCH_USER_PATHS = NO;
				ARCHS = "$(NATIVE_ARCH_ACTUAL)";
				COPY_PHASE_STRIP = YES;
				DEBUG_INFORMATION_FORMAT = "dwarf-with-dsym";
				GCC_ENABLE_FIX_AND_CONTINUE = NO;
				GCC_GENERATE_TEST_COVERAGE_FILES = YES;
				GCC_INSTRUMENT_PROGRAM_FLOW_ARCS = YES;
				GCC_MODEL_TUNING = G5;
				GCC_PRECOMPILE_PREFIX_HEADER = YES;
				GCC_PREFIX_HEADER = Sources/Tests/Prefix.pch;
				GCC_VERSION = 4.0;
				INSTALL_PATH = /usr/local/bin;
				OTHER_CFLAGS = (
					"-DDEBUG",
					"-DNS_BLOCK_ASSERTIONS=1",
				);
				OTHER_LDFLAGS = "-lgcov";
				PREBINDING = NO;
				PRODUCT_NAME = iBetelgeuseTests;
				SDKROOT = "";
				ZERO_LINK = NO;
			};
			name = Release;
		};
		95E77FDA119812C100A1F2B9 /* Debug */ = {
			isa = XCBuildConfiguration;
			buildSettings = {
				ARCHS = "$(NATIVE_ARCH_ACTUAL)";
				COPY_PHASE_STRIP = NO;
				GCC_DYNAMIC_NO_PIC = NO;
				GCC_OPTIMIZATION_LEVEL = 0;
				PRODUCT_NAME = "iBetelgeuseTests with coverage report";
				SDKROOT = "";
			};
			name = Debug;
		};
		95E77FDB119812C100A1F2B9 /* Release */ = {
			isa = XCBuildConfiguration;
			buildSettings = {
				ARCHS = "$(NATIVE_ARCH_ACTUAL)";
				COPY_PHASE_STRIP = YES;
				DEBUG_INFORMATION_FORMAT = "dwarf-with-dsym";
				GCC_ENABLE_FIX_AND_CONTINUE = NO;
				PRODUCT_NAME = "iBetelgeuseTests with coverage report";
				SDKROOT = "";
				ZERO_LINK = NO;
			};
			name = Release;
		};
		C01FCF4F08A954540054247B /* Debug */ = {
			isa = XCBuildConfiguration;
			buildSettings = {
				ARCHS = "$(ARCHS_STANDARD_32_BIT)";
				"CODE_SIGN_IDENTITY[sdk=iphoneos*]" = "iPhone Developer";
				GCC_C_LANGUAGE_STANDARD = c99;
				GCC_WARN_ABOUT_RETURN_TYPE = YES;
				GCC_WARN_UNUSED_VARIABLE = YES;
				PREBINDING = NO;
				SDKROOT = iphoneos3.1.3;
			};
			name = Debug;
		};
		C01FCF5008A954540054247B /* Release */ = {
			isa = XCBuildConfiguration;
			buildSettings = {
				ARCHS = "$(ARCHS_STANDARD_32_BIT)";
				"CODE_SIGN_IDENTITY[sdk=iphoneos*]" = "iPhone Developer";
				GCC_C_LANGUAGE_STANDARD = c99;
				GCC_WARN_ABOUT_RETURN_TYPE = YES;
				GCC_WARN_UNUSED_VARIABLE = YES;
				OTHER_CFLAGS = "-DNS_BLOCK_ASSERTIONS=1";
				PREBINDING = NO;
				SDKROOT = iphoneos3.1.3;
			};
			name = Release;
		};
/* End XCBuildConfiguration section */

/* Begin XCConfigurationList section */
		1D6058960D05DD3E006BFB54 /* Build configuration list for PBXNativeTarget "iBetelgeuse" */ = {
			isa = XCConfigurationList;
			buildConfigurations = (
				1D6058940D05DD3E006BFB54 /* Debug */,
				1D6058950D05DD3E006BFB54 /* Release */,
			);
			defaultConfigurationIsVisible = 0;
			defaultConfigurationName = Release;
		};
		95E77F1611980A2000A1F2B9 /* Build configuration list for PBXNativeTarget "iBetelgeuseTests" */ = {
			isa = XCConfigurationList;
			buildConfigurations = (
				95E77EE3119809D300A1F2B9 /* Debug */,
				95E77EE4119809D300A1F2B9 /* Release */,
			);
			defaultConfigurationIsVisible = 0;
			defaultConfigurationName = Release;
		};
		95E77FDC119812D300A1F2B9 /* Build configuration list for PBXAggregateTarget "iBetelgeuseTests with coverage report" */ = {
			isa = XCConfigurationList;
			buildConfigurations = (
				95E77FDA119812C100A1F2B9 /* Debug */,
				95E77FDB119812C100A1F2B9 /* Release */,
			);
			defaultConfigurationIsVisible = 0;
			defaultConfigurationName = Release;
		};
		C01FCF4E08A954540054247B /* Build configuration list for PBXProject "iBetelgeuse" */ = {
			isa = XCConfigurationList;
			buildConfigurations = (
				C01FCF4F08A954540054247B /* Debug */,
				C01FCF5008A954540054247B /* Release */,
			);
			defaultConfigurationIsVisible = 0;
			defaultConfigurationName = Release;
		};
/* End XCConfigurationList section */
	};
	rootObject = 29B97313FDCFA39411CA2CEA /* Project object */;
}
